{
  "version": "5",
  "specifiers": {
    "jsr:@luca/esbuild-deno-loader@*": "0.11.1",
    "jsr:@luca/esbuild-deno-loader@~0.11.1": "0.11.1",
    "jsr:@progfay/scrapbox-parser@^9.2.0": "9.2.0",
    "jsr:@std/assert@^1.0.13": "1.0.13",
    "jsr:@std/bytes@^1.0.2": "1.0.5",
    "jsr:@std/encoding@^1.0.5": "1.0.10",
    "jsr:@std/fs@*": "1.0.17",
    "jsr:@std/fs@^1.0.14": "1.0.17",
    "jsr:@std/internal@^1.0.6": "1.0.6",
    "jsr:@std/path@^1.0.6": "1.0.9",
    "jsr:@std/path@^1.0.9": "1.0.9",
    "npm:@types/chrome@*": "0.0.309",
    "npm:@types/chrome@^0.0.309": "0.0.309",
    "npm:chrome-types@*": "0.1.349",
    "npm:esbuild@*": "0.25.3",
    "npm:esbuild@~0.25.1": "0.25.3"
  },
  "jsr": {
    "@luca/esbuild-deno-loader@0.11.1": {
      "integrity": "dc020d16d75b591f679f6b9288b10f38bdb4f24345edb2f5732affa1d9885267",
      "dependencies": [
        "jsr:@std/bytes",
        "jsr:@std/encoding",
        "jsr:@std/path@^1.0.6"
      ]
    },
    "@progfay/scrapbox-parser@9.2.0": {
      "integrity": "82ebb95e72dd0ea44547fd48e2bcb479fd2275fc26c4515598f742e5aaf6e0e5"
    },
    "@std/assert@1.0.13": {
      "integrity": "ae0d31e41919b12c656c742b22522c32fb26ed0cba32975cb0de2a273cb68b29",
      "dependencies": [
        "jsr:@std/internal"
      ]
    },
    "@std/bytes@1.0.5": {
      "integrity": "4465dd739d7963d964c809202ebea6d5c6b8e3829ef25c6a224290fbb8a1021e"
    },
    "@std/encoding@1.0.10": {
      "integrity": "8783c6384a2d13abd5e9e87a7ae0520a30e9f56aeeaa3bdf910a3eaaf5c811a1"
    },
    "@std/fs@1.0.17": {
      "integrity": "1c00c632677c1158988ef7a004cb16137f870aafdb8163b9dce86ec652f3952b",
      "dependencies": [
        "jsr:@std/path@^1.0.9"
      ]
    },
    "@std/internal@1.0.6": {
      "integrity": "9533b128f230f73bd209408bb07a4b12f8d4255ab2a4d22a1fd6d87304aca9a4"
    },
    "@std/path@1.0.9": {
      "integrity": "260a49f11edd3db93dd38350bf9cd1b4d1366afa98e81b86167b4e3dd750129e"
    }
  },
  "npm": {
    "@esbuild/aix-ppc64@0.25.3": {
      "integrity": "sha512-W8bFfPA8DowP8l//sxjJLSLkD8iEjMc7cBVyP+u4cEv9sM7mdUCkgsj+t0n/BWPFtv7WWCN5Yzj0N6FJNUUqBQ==",
      "os": ["aix"],
      "cpu": ["ppc64"]
    },
    "@esbuild/android-arm64@0.25.3": {
      "integrity": "sha512-XelR6MzjlZuBM4f5z2IQHK6LkK34Cvv6Rj2EntER3lwCBFdg6h2lKbtRjpTTsdEjD/WSe1q8UyPBXP1x3i/wYQ==",
      "os": ["android"],
      "cpu": ["arm64"]
    },
    "@esbuild/android-arm@0.25.3": {
      "integrity": "sha512-PuwVXbnP87Tcff5I9ngV0lmiSu40xw1At6i3GsU77U7cjDDB4s0X2cyFuBiDa1SBk9DnvWwnGvVaGBqoFWPb7A==",
      "os": ["android"],
      "cpu": ["arm"]
    },
    "@esbuild/android-x64@0.25.3": {
      "integrity": "sha512-ogtTpYHT/g1GWS/zKM0cc/tIebFjm1F9Aw1boQ2Y0eUQ+J89d0jFY//s9ei9jVIlkYi8AfOjiixcLJSGNSOAdQ==",
      "os": ["android"],
      "cpu": ["x64"]
    },
    "@esbuild/darwin-arm64@0.25.3": {
      "integrity": "sha512-eESK5yfPNTqpAmDfFWNsOhmIOaQA59tAcF/EfYvo5/QWQCzXn5iUSOnqt3ra3UdzBv073ykTtmeLJZGt3HhA+w==",
      "os": ["darwin"],
      "cpu": ["arm64"]
    },
    "@esbuild/darwin-x64@0.25.3": {
      "integrity": "sha512-Kd8glo7sIZtwOLcPbW0yLpKmBNWMANZhrC1r6K++uDR2zyzb6AeOYtI6udbtabmQpFaxJ8uduXMAo1gs5ozz8A==",
      "os": ["darwin"],
      "cpu": ["x64"]
    },
    "@esbuild/freebsd-arm64@0.25.3": {
      "integrity": "sha512-EJiyS70BYybOBpJth3M0KLOus0n+RRMKTYzhYhFeMwp7e/RaajXvP+BWlmEXNk6uk+KAu46j/kaQzr6au+JcIw==",
      "os": ["freebsd"],
      "cpu": ["arm64"]
    },
    "@esbuild/freebsd-x64@0.25.3": {
      "integrity": "sha512-Q+wSjaLpGxYf7zC0kL0nDlhsfuFkoN+EXrx2KSB33RhinWzejOd6AvgmP5JbkgXKmjhmpfgKZq24pneodYqE8Q==",
      "os": ["freebsd"],
      "cpu": ["x64"]
    },
    "@esbuild/linux-arm64@0.25.3": {
      "integrity": "sha512-xCUgnNYhRD5bb1C1nqrDV1PfkwgbswTTBRbAd8aH5PhYzikdf/ddtsYyMXFfGSsb/6t6QaPSzxtbfAZr9uox4A==",
      "os": ["linux"],
      "cpu": ["arm64"]
    },
    "@esbuild/linux-arm@0.25.3": {
      "integrity": "sha512-dUOVmAUzuHy2ZOKIHIKHCm58HKzFqd+puLaS424h6I85GlSDRZIA5ycBixb3mFgM0Jdh+ZOSB6KptX30DD8YOQ==",
      "os": ["linux"],
      "cpu": ["arm"]
    },
    "@esbuild/linux-ia32@0.25.3": {
      "integrity": "sha512-yplPOpczHOO4jTYKmuYuANI3WhvIPSVANGcNUeMlxH4twz/TeXuzEP41tGKNGWJjuMhotpGabeFYGAOU2ummBw==",
      "os": ["linux"],
      "cpu": ["ia32"]
    },
    "@esbuild/linux-loong64@0.25.3": {
      "integrity": "sha512-P4BLP5/fjyihmXCELRGrLd793q/lBtKMQl8ARGpDxgzgIKJDRJ/u4r1A/HgpBpKpKZelGct2PGI4T+axcedf6g==",
      "os": ["linux"],
      "cpu": ["loong64"]
    },
    "@esbuild/linux-mips64el@0.25.3": {
      "integrity": "sha512-eRAOV2ODpu6P5divMEMa26RRqb2yUoYsuQQOuFUexUoQndm4MdpXXDBbUoKIc0iPa4aCO7gIhtnYomkn2x+bag==",
      "os": ["linux"],
      "cpu": ["mips64el"]
    },
    "@esbuild/linux-ppc64@0.25.3": {
      "integrity": "sha512-ZC4jV2p7VbzTlnl8nZKLcBkfzIf4Yad1SJM4ZMKYnJqZFD4rTI+pBG65u8ev4jk3/MPwY9DvGn50wi3uhdaghg==",
      "os": ["linux"],
      "cpu": ["ppc64"]
    },
    "@esbuild/linux-riscv64@0.25.3": {
      "integrity": "sha512-LDDODcFzNtECTrUUbVCs6j9/bDVqy7DDRsuIXJg6so+mFksgwG7ZVnTruYi5V+z3eE5y+BJZw7VvUadkbfg7QA==",
      "os": ["linux"],
      "cpu": ["riscv64"]
    },
    "@esbuild/linux-s390x@0.25.3": {
      "integrity": "sha512-s+w/NOY2k0yC2p9SLen+ymflgcpRkvwwa02fqmAwhBRI3SC12uiS10edHHXlVWwfAagYSY5UpmT/zISXPMW3tQ==",
      "os": ["linux"],
      "cpu": ["s390x"]
    },
    "@esbuild/linux-x64@0.25.3": {
      "integrity": "sha512-nQHDz4pXjSDC6UfOE1Fw9Q8d6GCAd9KdvMZpfVGWSJztYCarRgSDfOVBY5xwhQXseiyxapkiSJi/5/ja8mRFFA==",
      "os": ["linux"],
      "cpu": ["x64"]
    },
    "@esbuild/netbsd-arm64@0.25.3": {
      "integrity": "sha512-1QaLtOWq0mzK6tzzp0jRN3eccmN3hezey7mhLnzC6oNlJoUJz4nym5ZD7mDnS/LZQgkrhEbEiTn515lPeLpgWA==",
      "os": ["netbsd"],
      "cpu": ["arm64"]
    },
    "@esbuild/netbsd-x64@0.25.3": {
      "integrity": "sha512-i5Hm68HXHdgv8wkrt+10Bc50zM0/eonPb/a/OFVfB6Qvpiirco5gBA5bz7S2SHuU+Y4LWn/zehzNX14Sp4r27g==",
      "os": ["netbsd"],
      "cpu": ["x64"]
    },
    "@esbuild/openbsd-arm64@0.25.3": {
      "integrity": "sha512-zGAVApJEYTbOC6H/3QBr2mq3upG/LBEXr85/pTtKiv2IXcgKV0RT0QA/hSXZqSvLEpXeIxah7LczB4lkiYhTAQ==",
      "os": ["openbsd"],
      "cpu": ["arm64"]
    },
    "@esbuild/openbsd-x64@0.25.3": {
      "integrity": "sha512-fpqctI45NnCIDKBH5AXQBsD0NDPbEFczK98hk/aa6HJxbl+UtLkJV2+Bvy5hLSLk3LHmqt0NTkKNso1A9y1a4w==",
      "os": ["openbsd"],
      "cpu": ["x64"]
    },
    "@esbuild/sunos-x64@0.25.3": {
      "integrity": "sha512-ROJhm7d8bk9dMCUZjkS8fgzsPAZEjtRJqCAmVgB0gMrvG7hfmPmz9k1rwO4jSiblFjYmNvbECL9uhaPzONMfgA==",
      "os": ["sunos"],
      "cpu": ["x64"]
    },
    "@esbuild/win32-arm64@0.25.3": {
      "integrity": "sha512-YWcow8peiHpNBiIXHwaswPnAXLsLVygFwCB3A7Bh5jRkIBFWHGmNQ48AlX4xDvQNoMZlPYzjVOQDYEzWCqufMQ==",
      "os": ["win32"],
      "cpu": ["arm64"]
    },
    "@esbuild/win32-ia32@0.25.3": {
      "integrity": "sha512-qspTZOIGoXVS4DpNqUYUs9UxVb04khS1Degaw/MnfMe7goQ3lTfQ13Vw4qY/Nj0979BGvMRpAYbs/BAxEvU8ew==",
      "os": ["win32"],
      "cpu": ["ia32"]
    },
    "@esbuild/win32-x64@0.25.3": {
      "integrity": "sha512-ICgUR+kPimx0vvRzf+N/7L7tVSQeE3BYY+NhHRHXS1kBuPO7z2+7ea2HbhDyZdTephgvNvKrlDDKUexuCVBVvg==",
      "os": ["win32"],
      "cpu": ["x64"]
    },
    "@types/chrome@0.0.309": {
      "integrity": "sha512-ZFADzcp8b+roUrux68U8pti4cmNOLJXWkShk8lfxj9SBcjYqpJt7NypBprSJUJDJVakGZgd2Tt00QePIGh7oPA==",
      "dependencies": [
        "@types/filesystem",
        "@types/har-format"
      ]
    },
    "@types/filesystem@0.0.36": {
      "integrity": "sha512-vPDXOZuannb9FZdxgHnqSwAG/jvdGM8Wq+6N4D/d80z+D4HWH+bItqsZaVRQykAn6WEVeEkLm2oQigyHtgb0RA==",
      "dependencies": [
        "@types/filewriter"
      ]
    },
    "@types/filewriter@0.0.33": {
      "integrity": "sha512-xFU8ZXTw4gd358lb2jw25nxY9QAgqn2+bKKjKOYfNCzN4DKCFetK7sPtrlpg66Ywe3vWY9FNxprZawAh9wfJ3g=="
    },
    "@types/har-format@1.2.16": {
      "integrity": "sha512-fluxdy7ryD3MV6h8pTfTYpy/xQzCFC7m89nOH9y94cNqJ1mDIDPut7MnRHI3F6qRmh/cT2fUjG1MLdCNb4hE9A=="
    },
    "chrome-types@0.1.349": {
      "integrity": "sha512-u5Gqcm+wZrKzLsmvyVsRG23YvU4vwH6h1HlEBQqyqgeClGfrdXUEVLes38C8b2RiV3qmTJ/1dgIIq0jBLg98FQ=="
    },
    "esbuild@0.25.3": {
      "integrity": "sha512-qKA6Pvai73+M2FtftpNKRxJ78GIjmFXFxd/1DVBqGo/qNhLSfv+G12n9pNoWdytJC8U00TrViOwpjT0zgqQS8Q==",
      "optionalDependencies": [
        "@esbuild/aix-ppc64",
        "@esbuild/android-arm",
        "@esbuild/android-arm64",
        "@esbuild/android-x64",
        "@esbuild/darwin-arm64",
        "@esbuild/darwin-x64",
        "@esbuild/freebsd-arm64",
        "@esbuild/freebsd-x64",
        "@esbuild/linux-arm",
        "@esbuild/linux-arm64",
        "@esbuild/linux-ia32",
        "@esbuild/linux-loong64",
        "@esbuild/linux-mips64el",
        "@esbuild/linux-ppc64",
        "@esbuild/linux-riscv64",
        "@esbuild/linux-s390x",
        "@esbuild/linux-x64",
        "@esbuild/netbsd-arm64",
        "@esbuild/netbsd-x64",
        "@esbuild/openbsd-arm64",
        "@esbuild/openbsd-x64",
        "@esbuild/sunos-x64",
        "@esbuild/win32-arm64",
        "@esbuild/win32-ia32",
        "@esbuild/win32-x64"
      ],
      "scripts": true,
      "bin": true
    }
  },
  "redirects": {
    "https://esm.sh/@types/webextension-polyfill@~0.8.3/index.d.ts": "https://esm.sh/@types/webextension-polyfill@0.8.3/index.d.ts",
    "https://esm.sh/asearch@~0.0.7?target=denonext": "https://esm.sh/asearch@0.0.7?target=denonext"
  },
  "remote": {
    "https://deno.land/std@0.126.0/fmt/colors.ts": "870f10d440af4c309ab7bff97266d8ddb2c8a69039bcbd33253c8bfc14502116",
    "https://deno.land/std@0.126.0/testing/_diff.ts": "9d849cd6877694152e01775b2d93f9d6b7aef7e24bfe3bfafc4d7a1ac8e9f392",
    "https://deno.land/std@0.126.0/testing/asserts.ts": "b7a2b7f80a12b9b2abe1bfeb7b84ead0e971671977c4d70390f43abd85c904ae",
    "https://esm.sh/@progfay/scrapbox-parser@7.2.0": "9e7a2e3840e21f9b13b1b84a8448a7d206c97e4dd65399c4a5b1ee6807600cbe",
    "https://esm.sh/@progfay/scrapbox-parser@7.2.0/denonext/scrapbox-parser.mjs": "28f85943cd4acec9ca532bdd46c8ab555ef5af440a44ba3d157257e883fbc36d",
    "https://esm.sh/asearch@0.0.7/denonext/asearch.mjs": "e27a3f734c9bad05d77f8a75c444b612455172e39b921cd3ce6cec8ddf222323",
    "https://esm.sh/asearch@0.0.7?target=denonext": "70988562a24ac6728bbc016d6098d943ee4dd6f110903e5824c65b43f579b0d7",
    "https://esm.sh/re_expand@0.2.0": "7fcd0eb2994417395aa64fd5c14faed880022b2714b5735cea60ac7b31fb9b4f",
    "https://esm.sh/re_expand@0.2.0/denonext/re_expand.mjs": "04df4cdfe34914f4eacd1be2ccef0f9c41d5196e1dd7b349f492703235f9a1bc",
    "https://esm.sh/webextension-polyfill@0.8.0": "51706bf5d83de1833db1f2b8f09e7c5e6dfe97c2060cfd5f4df1ee955bbcd6d8",
    "https://esm.sh/webextension-polyfill@0.8.0/denonext/webextension-polyfill.mjs": "8ab9bde768f276ff1c6a867aa0ed6d92c21e5ef0bf951b9feaac272bb244b130",
    "https://raw.githubusercontent.com/scrapbox-jp/types/0.0.8/api/error.ts": "48ed54e499314484ff2bfb26a5106504dd6c0ef918689aa33379dc172beceed9",
    "https://raw.githubusercontent.com/scrapbox-jp/types/0.0.8/api/response.ts": "9d6e2f7a3d504fd519185bdc097f78675829f3091090754ed458de6b9077427a",
    "https://raw.githubusercontent.com/scrapbox-jp/types/0.0.8/base.ts": "eaa2c5dd3aa35564fbe40dfc55c9b7fd9effd0e752a77d8dac71f5e3772ffd8d",
    "https://raw.githubusercontent.com/scrapbox-jp/types/0.0.8/mod.ts": "225313095b5fca25b4940a18947cdaf11eed8559191a37fecfff06969f3fd917",
    "https://raw.githubusercontent.com/scrapbox-jp/types/0.0.8/userscript.ts": "54f1a05ed288906dad526eff34a8d56adcb2082e9accac74731c80a50db0a0b2",
    "https://raw.githubusercontent.com/scrapbox-jp/types/0.0.8/userscript/blocks.ts": "e348bfd7e1a8437dfcaf8fd386ff9d2082c4b7710a48585a8556cc5afa31dab7",
    "https://raw.githubusercontent.com/scrapbox-jp/types/0.0.8/userscript/nodes.ts": "18ed1e18a28083cdb8834d3a6bf3a422d0f60a298af30f44dd35a53ab07cd0b6",
    "https://raw.githubusercontent.com/takker99/deno-asearch/0.2.1/mod.ts": "1832ffa30bfb13e241de16328475d95ebac44e303c41789eb333b30e35fc2910"
  },
  "workspace": {
    "dependencies": [
      "jsr:@cosense/types@~0.10.7",
      "jsr:@luca/esbuild-deno-loader@~0.11.1",
      "jsr:@progfay/scrapbox-parser@^9.2.0",
      "jsr:@std/assert@^1.0.13",
      "jsr:@std/fs@^1.0.14",
      "npm:@types/chrome@^0.0.309",
      "npm:esbuild@~0.25.1"
    ]
  }
}
